
Microsoft Visual Studio Solution File, Format Version 12.00
# Visual Studio Version 16
VisualStudioVersion = 16.0.31105.61
MinimumVisualStudioVersion = 10.0.40219.1
Project("{FAE04EC0-301F-11D3-BF4B-00C04F79EFBC}") = "MathAndComparisonOperatorsAssignment", "MathAndComparisonOperatorsAssignment\MathAndComparisonOperatorsAssignment.csproj", "{DDA6358D-1FD0-4750-80C7-47654988B60B}"
EndProject
Project("{FAE04EC0-301F-11D3-BF4B-00C04F79EFBC}") = "BooleanLogicAssignment", "BooleanLogicAssignment\BooleanLogicAssignment.csproj", "{68344CDB-515F-463C-A959-70B889771DCB}"
EndProject
Project("{FAE04EC0-301F-11D3-BF4B-00C04F79EFBC}") = "ArraysAssignment", "ArraysAssignment\ArraysAssignment.csproj", "{2E2F3821-59A7-48F0-BF8F-949E48E5E22A}"
EndProject
Project("{FAE04EC0-301F-11D3-BF4B-00C04F79EFBC}") = "BranchingAssignment", "BranchingAssignment\BranchingAssignment.csproj", "{E19377E5-0792-498B-9328-CB685268B681}"
EndProject
Project("{FAE04EC0-301F-11D3-BF4B-00C04F79EFBC}") = "ConsoleAppAssignment", "ConsoleAppAssignment\ConsoleAppAssignment.csproj", "{44352E6A-3FB4-4A4C-A074-9FBD1B8AB291}"
EndProject
Project("{FAE04EC0-301F-11D3-BF4B-00C04F79EFBC}") = "DailyReportAssignment", "DailyReportAssignment\DailyReportAssignment.csproj", "{CAB23FE8-F1A1-47FD-B629-6B496AD1590D}"
EndProject
Project("{FAE04EC0-301F-11D3-BF4B-00C04F79EFBC}") = "ConsoleAppAssignment2", "ConsoleAppAssignment2\ConsoleAppAssignment2.csproj", "{3914E9FA-D798-4142-A798-A1A70BC8C3D2}"
EndProject
Project("{FAE04EC0-301F-11D3-BF4B-00C04F79EFBC}") = "ConsoleAppAssignment3", "ConsoleAppAssignment3\ConsoleAppAssignment3.csproj", "{69863EF2-647E-4F84-9BFC-3B9C77613356}"
EndProject
Project("{FAE04EC0-301F-11D3-BF4B-00C04F79EFBC}") = "CallingMethodsAssignment", "CallingMethodsAssignment\CallingMethodsAssignment.csproj", "{77BB93CC-B927-490C-B450-B19D40F80802}"
EndProject
Project("{FAE04EC0-301F-11D3-BF4B-00C04F79EFBC}") = "MainMethodAssignment", "MainMethodAssignment\MainMethodAssignment.csproj", "{BE967C91-B496-43E7-8C76-0EE3C0E6A227}"
EndProject
Project("{FAE04EC0-301F-11D3-BF4B-00C04F79EFBC}") = "MethodAssignment", "MethodAssignment\MethodAssignment.csproj", "{86233E8E-982F-460E-BB64-EE80A7321EAE}"
EndProject
Project("{FAE04EC0-301F-11D3-BF4B-00C04F79EFBC}") = "MethodClassAssignment", "MethodClassAssignment\MethodClassAssignment.csproj", "{996A4C97-858A-4E72-B94A-83DE2C07AC63}"
EndProject
Project("{FAE04EC0-301F-11D3-BF4B-00C04F79EFBC}") = "ClassAssignment", "ClassAssignment\ClassAssignment.csproj", "{28B28786-75C9-4C57-B5CC-273B9E906A62}"
EndProject
Project("{FAE04EC0-301F-11D3-BF4B-00C04F79EFBC}") = "MethodsAndObjectsAssignment", "MethodsAndObjectsAssignment\MethodsAndObjectsAssignment.csproj", "{61369C47-6DA3-4560-BDDB-363421FF7B1D}"
EndProject
Project("{FAE04EC0-301F-11D3-BF4B-00C04F79EFBC}") = "AbstractClassAssignment", "AbstractClassAssignment\AbstractClassAssignment.csproj", "{04290F00-8C4B-4A80-B381-F0408FA129FB}"
EndProject
Project("{FAE04EC0-301F-11D3-BF4B-00C04F79EFBC}") = "PolymorphismAssignment", "PolymorphismAssignment\PolymorphismAssignment.csproj", "{520408C7-773C-4223-A378-4D7D3FABD7E9}"
EndProject
Project("{FAE04EC0-301F-11D3-BF4B-00C04F79EFBC}") = "OperatorsAssignment", "OperatorsAssignment\OperatorsAssignment.csproj", "{D0C16BAF-7436-4AA2-A565-29A1F93EB0AB}"
EndProject
Project("{FAE04EC0-301F-11D3-BF4B-00C04F79EFBC}") = "ParametersAssignment", "ParametersAssignment\ParametersAssignment.csproj", "{6FCEC5F2-2A0E-4038-A024-C8325C2B2E9C}"
EndProject
Project("{FAE04EC0-301F-11D3-BF4B-00C04F79EFBC}") = "ParsingEnumsAssignment", "ParsingEnumsAssignment\ParsingEnumsAssignment.csproj", "{D1B8BC06-4177-4D4D-B4A0-640F3A505BCB}"
EndProject
Project("{FAE04EC0-301F-11D3-BF4B-00C04F79EFBC}") = "LambdaAssignment", "LambdaAssignment\LambdaAssignment.csproj", "{FC403707-2E36-4611-A776-0AC3C254F397}"
EndProject
Project("{FAE04EC0-301F-11D3-BF4B-00C04F79EFBC}") = "DateTimeAssignment", "DateTimeAssignment\DateTimeAssignment.csproj", "{CC51B50D-8295-454B-A013-58D4C51C36E7}"
EndProject
Global
	GlobalSection(SolutionConfigurationPlatforms) = preSolution
		Debug|Any CPU = Debug|Any CPU
		Release|Any CPU = Release|Any CPU
	EndGlobalSection
	GlobalSection(ProjectConfigurationPlatforms) = postSolution
		{DDA6358D-1FD0-4750-80C7-47654988B60B}.Debug|Any CPU.ActiveCfg = Debug|Any CPU
		{DDA6358D-1FD0-4750-80C7-47654988B60B}.Debug|Any CPU.Build.0 = Debug|Any CPU
		{DDA6358D-1FD0-4750-80C7-47654988B60B}.Release|Any CPU.ActiveCfg = Release|Any CPU
		{DDA6358D-1FD0-4750-80C7-47654988B60B}.Release|Any CPU.Build.0 = Release|Any CPU
		{68344CDB-515F-463C-A959-70B889771DCB}.Debug|Any CPU.ActiveCfg = Debug|Any CPU
		{68344CDB-515F-463C-A959-70B889771DCB}.Debug|Any CPU.Build.0 = Debug|Any CPU
		{68344CDB-515F-463C-A959-70B889771DCB}.Release|Any CPU.ActiveCfg = Release|Any CPU
		{68344CDB-515F-463C-A959-70B889771DCB}.Release|Any CPU.Build.0 = Release|Any CPU
		{2E2F3821-59A7-48F0-BF8F-949E48E5E22A}.Debug|Any CPU.ActiveCfg = Debug|Any CPU
		{2E2F3821-59A7-48F0-BF8F-949E48E5E22A}.Debug|Any CPU.Build.0 = Debug|Any CPU
		{2E2F3821-59A7-48F0-BF8F-949E48E5E22A}.Release|Any CPU.ActiveCfg = Release|Any CPU
		{2E2F3821-59A7-48F0-BF8F-949E48E5E22A}.Release|Any CPU.Build.0 = Release|Any CPU
		{E19377E5-0792-498B-9328-CB685268B681}.Debug|Any CPU.ActiveCfg = Debug|Any CPU
		{E19377E5-0792-498B-9328-CB685268B681}.Debug|Any CPU.Build.0 = Debug|Any CPU
		{E19377E5-0792-498B-9328-CB685268B681}.Release|Any CPU.ActiveCfg = Release|Any CPU
		{E19377E5-0792-498B-9328-CB685268B681}.Release|Any CPU.Build.0 = Release|Any CPU
		{44352E6A-3FB4-4A4C-A074-9FBD1B8AB291}.Debug|Any CPU.ActiveCfg = Debug|Any CPU
		{44352E6A-3FB4-4A4C-A074-9FBD1B8AB291}.Debug|Any CPU.Build.0 = Debug|Any CPU
		{44352E6A-3FB4-4A4C-A074-9FBD1B8AB291}.Release|Any CPU.ActiveCfg = Release|Any CPU
		{44352E6A-3FB4-4A4C-A074-9FBD1B8AB291}.Release|Any CPU.Build.0 = Release|Any CPU
		{CAB23FE8-F1A1-47FD-B629-6B496AD1590D}.Debug|Any CPU.ActiveCfg = Debug|Any CPU
		{CAB23FE8-F1A1-47FD-B629-6B496AD1590D}.Debug|Any CPU.Build.0 = Debug|Any CPU
		{CAB23FE8-F1A1-47FD-B629-6B496AD1590D}.Release|Any CPU.ActiveCfg = Release|Any CPU
		{CAB23FE8-F1A1-47FD-B629-6B496AD1590D}.Release|Any CPU.Build.0 = Release|Any CPU
		{3914E9FA-D798-4142-A798-A1A70BC8C3D2}.Debug|Any CPU.ActiveCfg = Debug|Any CPU
		{3914E9FA-D798-4142-A798-A1A70BC8C3D2}.Debug|Any CPU.Build.0 = Debug|Any CPU
		{3914E9FA-D798-4142-A798-A1A70BC8C3D2}.Release|Any CPU.ActiveCfg = Release|Any CPU
		{3914E9FA-D798-4142-A798-A1A70BC8C3D2}.Release|Any CPU.Build.0 = Release|Any CPU
		{69863EF2-647E-4F84-9BFC-3B9C77613356}.Debug|Any CPU.ActiveCfg = Debug|Any CPU
		{69863EF2-647E-4F84-9BFC-3B9C77613356}.Debug|Any CPU.Build.0 = Debug|Any CPU
		{69863EF2-647E-4F84-9BFC-3B9C77613356}.Release|Any CPU.ActiveCfg = Release|Any CPU
		{69863EF2-647E-4F84-9BFC-3B9C77613356}.Release|Any CPU.Build.0 = Release|Any CPU
		{77BB93CC-B927-490C-B450-B19D40F80802}.Debug|Any CPU.ActiveCfg = Debug|Any CPU
		{77BB93CC-B927-490C-B450-B19D40F80802}.Debug|Any CPU.Build.0 = Debug|Any CPU
		{77BB93CC-B927-490C-B450-B19D40F80802}.Release|Any CPU.ActiveCfg = Release|Any CPU
		{77BB93CC-B927-490C-B450-B19D40F80802}.Release|Any CPU.Build.0 = Release|Any CPU
		{BE967C91-B496-43E7-8C76-0EE3C0E6A227}.Debug|Any CPU.ActiveCfg = Debug|Any CPU
		{BE967C91-B496-43E7-8C76-0EE3C0E6A227}.Debug|Any CPU.Build.0 = Debug|Any CPU
		{BE967C91-B496-43E7-8C76-0EE3C0E6A227}.Release|Any CPU.ActiveCfg = Release|Any CPU
		{BE967C91-B496-43E7-8C76-0EE3C0E6A227}.Release|Any CPU.Build.0 = Release|Any CPU
		{86233E8E-982F-460E-BB64-EE80A7321EAE}.Debug|Any CPU.ActiveCfg = Debug|Any CPU
		{86233E8E-982F-460E-BB64-EE80A7321EAE}.Debug|Any CPU.Build.0 = Debug|Any CPU
		{86233E8E-982F-460E-BB64-EE80A7321EAE}.Release|Any CPU.ActiveCfg = Release|Any CPU
		{86233E8E-982F-460E-BB64-EE80A7321EAE}.Release|Any CPU.Build.0 = Release|Any CPU
		{996A4C97-858A-4E72-B94A-83DE2C07AC63}.Debug|Any CPU.ActiveCfg = Debug|Any CPU
		{996A4C97-858A-4E72-B94A-83DE2C07AC63}.Debug|Any CPU.Build.0 = Debug|Any CPU
		{996A4C97-858A-4E72-B94A-83DE2C07AC63}.Release|Any CPU.ActiveCfg = Release|Any CPU
		{996A4C97-858A-4E72-B94A-83DE2C07AC63}.Release|Any CPU.Build.0 = Release|Any CPU
		{28B28786-75C9-4C57-B5CC-273B9E906A62}.Debug|Any CPU.ActiveCfg = Debug|Any CPU
		{28B28786-75C9-4C57-B5CC-273B9E906A62}.Debug|Any CPU.Build.0 = Debug|Any CPU
		{28B28786-75C9-4C57-B5CC-273B9E906A62}.Release|Any CPU.ActiveCfg = Release|Any CPU
		{28B28786-75C9-4C57-B5CC-273B9E906A62}.Release|Any CPU.Build.0 = Release|Any CPU
		{61369C47-6DA3-4560-BDDB-363421FF7B1D}.Debug|Any CPU.ActiveCfg = Debug|Any CPU
		{61369C47-6DA3-4560-BDDB-363421FF7B1D}.Debug|Any CPU.Build.0 = Debug|Any CPU
		{61369C47-6DA3-4560-BDDB-363421FF7B1D}.Release|Any CPU.ActiveCfg = Release|Any CPU
		{61369C47-6DA3-4560-BDDB-363421FF7B1D}.Release|Any CPU.Build.0 = Release|Any CPU
		{04290F00-8C4B-4A80-B381-F0408FA129FB}.Debug|Any CPU.ActiveCfg = Debug|Any CPU
		{04290F00-8C4B-4A80-B381-F0408FA129FB}.Debug|Any CPU.Build.0 = Debug|Any CPU
		{04290F00-8C4B-4A80-B381-F0408FA129FB}.Release|Any CPU.ActiveCfg = Release|Any CPU
		{04290F00-8C4B-4A80-B381-F0408FA129FB}.Release|Any CPU.Build.0 = Release|Any CPU
		{520408C7-773C-4223-A378-4D7D3FABD7E9}.Debug|Any CPU.ActiveCfg = Debug|Any CPU
		{520408C7-773C-4223-A378-4D7D3FABD7E9}.Debug|Any CPU.Build.0 = Debug|Any CPU
		{520408C7-773C-4223-A378-4D7D3FABD7E9}.Release|Any CPU.ActiveCfg = Release|Any CPU
		{520408C7-773C-4223-A378-4D7D3FABD7E9}.Release|Any CPU.Build.0 = Release|Any CPU
		{D0C16BAF-7436-4AA2-A565-29A1F93EB0AB}.Debug|Any CPU.ActiveCfg = Debug|Any CPU
		{D0C16BAF-7436-4AA2-A565-29A1F93EB0AB}.Debug|Any CPU.Build.0 = Debug|Any CPU
		{D0C16BAF-7436-4AA2-A565-29A1F93EB0AB}.Release|Any CPU.ActiveCfg = Release|Any CPU
		{D0C16BAF-7436-4AA2-A565-29A1F93EB0AB}.Release|Any CPU.Build.0 = Release|Any CPU
		{6FCEC5F2-2A0E-4038-A024-C8325C2B2E9C}.Debug|Any CPU.ActiveCfg = Debug|Any CPU
		{6FCEC5F2-2A0E-4038-A024-C8325C2B2E9C}.Debug|Any CPU.Build.0 = Debug|Any CPU
		{6FCEC5F2-2A0E-4038-A024-C8325C2B2E9C}.Release|Any CPU.ActiveCfg = Release|Any CPU
		{6FCEC5F2-2A0E-4038-A024-C8325C2B2E9C}.Release|Any CPU.Build.0 = Release|Any CPU
		{D1B8BC06-4177-4D4D-B4A0-640F3A505BCB}.Debug|Any CPU.ActiveCfg = Debug|Any CPU
		{D1B8BC06-4177-4D4D-B4A0-640F3A505BCB}.Debug|Any CPU.Build.0 = Debug|Any CPU
		{D1B8BC06-4177-4D4D-B4A0-640F3A505BCB}.Release|Any CPU.ActiveCfg = Release|Any CPU
		{D1B8BC06-4177-4D4D-B4A0-640F3A505BCB}.Release|Any CPU.Build.0 = Release|Any CPU
		{FC403707-2E36-4611-A776-0AC3C254F397}.Debug|Any CPU.ActiveCfg = Debug|Any CPU
		{FC403707-2E36-4611-A776-0AC3C254F397}.Debug|Any CPU.Build.0 = Debug|Any CPU
		{FC403707-2E36-4611-A776-0AC3C254F397}.Release|Any CPU.ActiveCfg = Release|Any CPU
		{FC403707-2E36-4611-A776-0AC3C254F397}.Release|Any CPU.Build.0 = Release|Any CPU
		{CC51B50D-8295-454B-A013-58D4C51C36E7}.Debug|Any CPU.ActiveCfg = Debug|Any CPU
		{CC51B50D-8295-454B-A013-58D4C51C36E7}.Debug|Any CPU.Build.0 = Debug|Any CPU
		{CC51B50D-8295-454B-A013-58D4C51C36E7}.Release|Any CPU.ActiveCfg = Release|Any CPU
		{CC51B50D-8295-454B-A013-58D4C51C36E7}.Release|Any CPU.Build.0 = Release|Any CPU
	EndGlobalSection
	GlobalSection(SolutionProperties) = preSolution
		HideSolutionNode = FALSE
	EndGlobalSection
	GlobalSection(ExtensibilityGlobals) = postSolution
		SolutionGuid = {0E567EA3-66A4-49A0-9E5A-A46DBC653994}
	EndGlobalSection
EndGlobal
